
Microsoft Visual Studio Solution File, Format Version 12.00
# Visual Studio Version 17
VisualStudioVersion = 17.7.34221.43
MinimumVisualStudioVersion = 10.0.40219.1
Project("{FAE04EC0-301F-11D3-BF4B-00C04F79EFBC}") = "FileSistemEsercizio", "FileSistemEsercizio\FileSistemEsercizio.csproj", "{CC23A55B-6F26-4EB9-A0D9-22496D4ADA0A}"
EndProject
Global
	GlobalSection(SolutionConfigurationPlatforms) = preSolution
		Debug|Any CPU = Debug|Any CPU
		Release|Any CPU = Release|Any CPU
	EndGlobalSection
	GlobalSection(ProjectConfigurationPlatforms) = postSolution
		{CC23A55B-6F26-4EB9-A0D9-22496D4ADA0A}.Debug|Any CPU.ActiveCfg = Debug|Any CPU
		{CC23A55B-6F26-4EB9-A0D9-22496D4ADA0A}.Debug|Any CPU.Build.0 = Debug|Any CPU
		{CC23A55B-6F26-4EB9-A0D9-22496D4ADA0A}.Release|Any CPU.ActiveCfg = Release|Any CPU
		{CC23A55B-6F26-4EB9-A0D9-22496D4ADA0A}.Release|Any CPU.Build.0 = Release|Any CPU
	EndGlobalSection
	GlobalSection(SolutionProperties) = preSolution
		HideSolutionNode = FALSE
	EndGlobalSection
	GlobalSection(ExtensibilityGlobals) = postSolution
		SolutionGuid = {7F76629B-51E8-465D-904E-8806BDB7A875}
	EndGlobalSection
EndGlobal
