
Microsoft Visual Studio Solution File, Format Version 12.00
# Visual Studio Version 17
VisualStudioVersion = 17.7.34221.43
MinimumVisualStudioVersion = 10.0.40219.1
Project("{9A19103F-16F7-4668-BE54-9A1E7A4F7556}") = "FileSistemEsercizio", "FileSistemEsercizio\FileSistemEsercizio.csproj", "{CC23A55B-6F26-4EB9-A0D9-22496D4ADA0A}"
EndProject
Project("{2150E333-8FDC-42A3-9474-1A3956D46DE8}") = "Solution Items", "Solution Items", "{735DF73E-DCAB-4ECF-B38B-60F12E309CF3}"
EndProject
Project("{9A19103F-16F7-4668-BE54-9A1E7A4F7556}") = "Proxy", "Proxy\Proxy.csproj", "{F9FDD22D-B7AF-43D2-AF6F-E25778E2EFA4}"
EndProject
Project("{9A19103F-16F7-4668-BE54-9A1E7A4F7556}") = "BancaCentrale", "BancaCentrale\BancaCentrale.csproj", "{9AFA172A-B577-4ADB-9F40-7F41C763A2DD}"
EndProject
Project("{FAE04EC0-301F-11D3-BF4B-00C04F79EFBC}") = "EU_Request", "EU_Request\EU_Request.csproj", "{B0267919-4B85-408E-A8CB-D9E237BA06DA}"
EndProject
Project("{FAE04EC0-301F-11D3-BF4B-00C04F79EFBC}") = "PublicAdministration", "PublicAdministration\PublicAdministration.csproj", "{F488637B-ABAA-404E-9422-0F2EF90BDE2E}"
EndProject
Global
	GlobalSection(SolutionConfigurationPlatforms) = preSolution
		Debug|Any CPU = Debug|Any CPU
		Release|Any CPU = Release|Any CPU
	EndGlobalSection
	GlobalSection(ProjectConfigurationPlatforms) = postSolution
		{CC23A55B-6F26-4EB9-A0D9-22496D4ADA0A}.Debug|Any CPU.ActiveCfg = Debug|Any CPU
		{CC23A55B-6F26-4EB9-A0D9-22496D4ADA0A}.Debug|Any CPU.Build.0 = Debug|Any CPU
		{CC23A55B-6F26-4EB9-A0D9-22496D4ADA0A}.Release|Any CPU.ActiveCfg = Release|Any CPU
		{CC23A55B-6F26-4EB9-A0D9-22496D4ADA0A}.Release|Any CPU.Build.0 = Release|Any CPU
		{F9FDD22D-B7AF-43D2-AF6F-E25778E2EFA4}.Debug|Any CPU.ActiveCfg = Debug|Any CPU
		{F9FDD22D-B7AF-43D2-AF6F-E25778E2EFA4}.Debug|Any CPU.Build.0 = Debug|Any CPU
		{F9FDD22D-B7AF-43D2-AF6F-E25778E2EFA4}.Release|Any CPU.ActiveCfg = Release|Any CPU
		{F9FDD22D-B7AF-43D2-AF6F-E25778E2EFA4}.Release|Any CPU.Build.0 = Release|Any CPU
		{9AFA172A-B577-4ADB-9F40-7F41C763A2DD}.Debug|Any CPU.ActiveCfg = Debug|Any CPU
		{9AFA172A-B577-4ADB-9F40-7F41C763A2DD}.Debug|Any CPU.Build.0 = Debug|Any CPU
		{9AFA172A-B577-4ADB-9F40-7F41C763A2DD}.Release|Any CPU.ActiveCfg = Release|Any CPU
		{9AFA172A-B577-4ADB-9F40-7F41C763A2DD}.Release|Any CPU.Build.0 = Release|Any CPU
		{B0267919-4B85-408E-A8CB-D9E237BA06DA}.Debug|Any CPU.ActiveCfg = Debug|Any CPU
		{B0267919-4B85-408E-A8CB-D9E237BA06DA}.Debug|Any CPU.Build.0 = Debug|Any CPU
		{B0267919-4B85-408E-A8CB-D9E237BA06DA}.Release|Any CPU.ActiveCfg = Release|Any CPU
		{B0267919-4B85-408E-A8CB-D9E237BA06DA}.Release|Any CPU.Build.0 = Release|Any CPU
		{F488637B-ABAA-404E-9422-0F2EF90BDE2E}.Debug|Any CPU.ActiveCfg = Debug|Any CPU
		{F488637B-ABAA-404E-9422-0F2EF90BDE2E}.Debug|Any CPU.Build.0 = Debug|Any CPU
		{F488637B-ABAA-404E-9422-0F2EF90BDE2E}.Release|Any CPU.ActiveCfg = Release|Any CPU
		{F488637B-ABAA-404E-9422-0F2EF90BDE2E}.Release|Any CPU.Build.0 = Release|Any CPU
	EndGlobalSection
	GlobalSection(SolutionProperties) = preSolution
		HideSolutionNode = FALSE
	EndGlobalSection
	GlobalSection(NestedProjects) = preSolution
		{F9FDD22D-B7AF-43D2-AF6F-E25778E2EFA4} = {735DF73E-DCAB-4ECF-B38B-60F12E309CF3}
	EndGlobalSection
	GlobalSection(ExtensibilityGlobals) = postSolution
		SolutionGuid = {7F76629B-51E8-465D-904E-8806BDB7A875}
	EndGlobalSection
EndGlobal
